
Microsoft Visual Studio Solution File, Format Version 12.00
# Visual Studio Version 17
VisualStudioVersion = 17.0.31903.59
MinimumVisualStudioVersion = 10.0.40219.1
Project("{FAE04EC0-301F-11D3-BF4B-00C04F79EFBC}") = "OptiX_UI", "OptiX_UI\OptiX_UI.csproj", "{3940D9E2-B55F-49FB-865C-732A677D010B}"
EndProject
Project("{8BC9CEB8-8B4A-11D0-8D11-00A0-C91BC942}") = "Process", "Process\Process.vcxproj", "{BA93AE5B-8D4F-F42A-1ECB-3993153C5D91}"
EndProject
Global
	GlobalSection(SolutionConfigurationPlatforms) = preSolution
		Debug|Any CPU = Debug|Any CPU
		Debug|ARM64 = Debug|ARM64
		Debug|x64 = Debug|x64
		Debug|x86 = Debug|x86
		Release|Any CPU = Release|Any CPU
		Release|ARM64 = Release|ARM64
		Release|x64 = Release|x64
		Release|x86 = Release|x86
	EndGlobalSection
	GlobalSection(ProjectConfigurationPlatforms) = postSolution
		{3940D9E2-B55F-49FB-865C-732A677D010B}.Debug|Any CPU.ActiveCfg = Debug|x64
		{3940D9E2-B55F-49FB-865C-732A677D010B}.Debug|Any CPU.Build.0 = Debug|x64
		{3940D9E2-B55F-49FB-865C-732A677D010B}.Debug|ARM64.ActiveCfg = Debug|Any CPU
		{3940D9E2-B55F-49FB-865C-732A677D010B}.Debug|x64.ActiveCfg = Debug|x64
		{3940D9E2-B55F-49FB-865C-732A677D010B}.Debug|x64.Build.0 = Debug|x64
		{3940D9E2-B55F-49FB-865C-732A677D010B}.Debug|x86.ActiveCfg = Debug|Any CPU
		{3940D9E2-B55F-49FB-865C-732A677D010B}.Debug|x86.Build.0 = Debug|Any CPU
		{3940D9E2-B55F-49FB-865C-732A677D010B}.Release|Any CPU.ActiveCfg = Release|x64
		{3940D9E2-B55F-49FB-865C-732A677D010B}.Release|Any CPU.Build.0 = Release|x64
		{3940D9E2-B55F-49FB-865C-732A677D010B}.Release|ARM64.ActiveCfg = Release|Any CPU
		{3940D9E2-B55F-49FB-865C-732A677D010B}.Release|x64.ActiveCfg = Release|x64
		{3940D9E2-B55F-49FB-865C-732A677D010B}.Release|x64.Build.0 = Release|x64
		{3940D9E2-B55F-49FB-865C-732A677D010B}.Release|x86.ActiveCfg = Release|Any CPU
		{3940D9E2-B55F-49FB-865C-732A677D010B}.Release|x86.Build.0 = Release|Any CPU
		{BA93AE5B-8D4F-F42A-1ECB-3993153C5D91}.Debug|Any CPU.ActiveCfg = Debug|x64
		{BA93AE5B-8D4F-F42A-1ECB-3993153C5D91}.Debug|Any CPU.Build.0 = Debug|x64
		{BA93AE5B-8D4F-F42A-1ECB-3993153C5D91}.Debug|ARM64.ActiveCfg = Debug|Win32
		{BA93AE5B-8D4F-F42A-1ECB-3993153C5D91}.Debug|x64.ActiveCfg = Debug|x64
		{BA93AE5B-8D4F-F42A-1ECB-3993153C5D91}.Debug|x64.Build.0 = Debug|x64
		{BA93AE5B-8D4F-F42A-1ECB-3993153C5D91}.Debug|x86.ActiveCfg = Debug|Win32
		{BA93AE5B-8D4F-F42A-1ECB-3993153C5D91}.Debug|x86.Build.0 = Debug|Win32
		{BA93AE5B-8D4F-F42A-1ECB-3993153C5D91}.Release|Any CPU.ActiveCfg = Release|x64
		{BA93AE5B-8D4F-F42A-1ECB-3993153C5D91}.Release|Any CPU.Build.0 = Release|x64
		{BA93AE5B-8D4F-F42A-1ECB-3993153C5D91}.Release|ARM64.ActiveCfg = Release|Win32
		{BA93AE5B-8D4F-F42A-1ECB-3993153C5D91}.Release|x64.ActiveCfg = Release|x64
		{BA93AE5B-8D4F-F42A-1ECB-3993153C5D91}.Release|x64.Build.0 = Release|x64
		{BA93AE5B-8D4F-F42A-1ECB-3993153C5D91}.Release|x86.ActiveCfg = Release|Win32
		{BA93AE5B-8D4F-F42A-1ECB-3993153C5D91}.Release|x86.Build.0 = Release|Win32
	EndGlobalSection
	GlobalSection(SolutionProperties) = preSolution
		HideSolutionNode = FALSE
	EndGlobalSection
	GlobalSection(ExtensibilityGlobals) = postSolution
		SolutionGuid = {259BCD09-CE9A-48DB-9E3B-BC550A8EE7B5}
	EndGlobalSection
EndGlobal
